
Microsoft Visual Studio Solution File, Format Version 12.00
# Visual Studio Version 17
VisualStudioVersion = 17.5.33516.290
MinimumVisualStudioVersion = 10.0.40219.1
Project("{9A19103F-16F7-4668-BE54-9A1E7A4F7556}") = "DesignPatternsTutorials", "DesignPatternsTutorials\DesignPatternsTutorials.csproj", "{15E03E82-CAD3-40E1-8341-4469DADAA52B}"
EndProject
Project("{9A19103F-16F7-4668-BE54-9A1E7A4F7556}") = "DesignPatternsTutorials.Creational.FactoryMethod", "DesignPatternsTutorials.Creational.FactoryMethod\DesignPatternsTutorials.Creational.FactoryMethod.csproj", "{EB15BFDC-6BE5-487B-8E91-C862B234991D}"
EndProject
Project("{9A19103F-16F7-4668-BE54-9A1E7A4F7556}") = "DesignPatternsTutorials.Creational.AbstractFactory", "DesignPatternsTutorials.Creational.AbstractFactory\DesignPatternsTutorials.Creational.AbstractFactory.csproj", "{10A401AF-1C94-4808-99EF-7D8C710EF9B1}"
EndProject
Project("{9A19103F-16F7-4668-BE54-9A1E7A4F7556}") = "DesignPatternsTutorials.Creational.Builder", "DesignPatternsTutorials.Creational.Builder\DesignPatternsTutorials.Creational.Builder.csproj", "{440AB370-8BA7-4881-82E7-C5B9D64BF049}"
EndProject
Project("{9A19103F-16F7-4668-BE54-9A1E7A4F7556}") = "DesignPatternsTutorials.Creational.Singleton", "DesignPatternsTutorials.Creational.Singleton\DesignPatternsTutorials.Creational.Singleton.csproj", "{3C042A0B-3DBC-408E-869E-F2FF874856B4}"
EndProject
Project("{9A19103F-16F7-4668-BE54-9A1E7A4F7556}") = "DesignPatternsTutorials.Structural.Decorator", "DesignPatternsTutorials.Structural.Decorator\DesignPatternsTutorials.Structural.Decorator.csproj", "{E2AA078A-F2E2-432E-8FBC-758564FAD336}"
EndProject
Project("{9A19103F-16F7-4668-BE54-9A1E7A4F7556}") = "DesignPatternsTutorials.Behavioral.Mediator", "DesignPatternsTutorials.Mediator\DesignPatternsTutorials.Behavioral.Mediator.csproj", "{E5BDE152-91F3-4417-8937-568CEC5D5F74}"
EndProject
Project("{9A19103F-16F7-4668-BE54-9A1E7A4F7556}") = "DesignPatternsTutorials.Behavioral.Strategy", "DesignPatternsTutorials.Strategy\DesignPatternsTutorials.Behavioral.Strategy.csproj", "{3D550B1F-92CC-449E-9927-7590183E6A62}"
EndProject
Project("{9A19103F-16F7-4668-BE54-9A1E7A4F7556}") = "DesignPatternsTutorials.Behavioral.TemplateMethod", "DesignPatternsTutorials.Behavioral.TemplateMethod\DesignPatternsTutorials.Behavioral.TemplateMethod.csproj", "{25DD3992-EDE5-4946-9B37-39D77A167942}"
EndProject
Project("{9A19103F-16F7-4668-BE54-9A1E7A4F7556}") = "DesignPatternsTutorials.Behavioral.ChainOfResponsibility", "DesignPatternsTutorials.Behavioral.ChainOfResponsibility\DesignPatternsTutorials.Behavioral.ChainOfResponsibility.csproj", "{0B49FFE5-F216-48CB-AACB-C91618E6F93E}"
EndProject
Project("{9A19103F-16F7-4668-BE54-9A1E7A4F7556}") = "DesignPatternsTutorials.Structural.Adapter", "DesignPatternsTutorials.Adapter\DesignPatternsTutorials.Structural.Adapter.csproj", "{33D713D9-0EAA-4946-B7DA-FDCCF37238B5}"
EndProject
Project("{FAE04EC0-301F-11D3-BF4B-00C04F79EFBC}") = "DesignPatternsTutorials.Structural.Composite", "DesignPatternsTutorials.Structural.Composite\DesignPatternsTutorials.Structural.Composite.csproj", "{E19CF91B-EF8D-4156-92B9-46BE8B687E8A}"
EndProject
Global
	GlobalSection(SolutionConfigurationPlatforms) = preSolution
		Debug|Any CPU = Debug|Any CPU
		Release|Any CPU = Release|Any CPU
	EndGlobalSection
	GlobalSection(ProjectConfigurationPlatforms) = postSolution
		{15E03E82-CAD3-40E1-8341-4469DADAA52B}.Debug|Any CPU.ActiveCfg = Debug|Any CPU
		{15E03E82-CAD3-40E1-8341-4469DADAA52B}.Debug|Any CPU.Build.0 = Debug|Any CPU
		{15E03E82-CAD3-40E1-8341-4469DADAA52B}.Release|Any CPU.ActiveCfg = Release|Any CPU
		{15E03E82-CAD3-40E1-8341-4469DADAA52B}.Release|Any CPU.Build.0 = Release|Any CPU
		{EB15BFDC-6BE5-487B-8E91-C862B234991D}.Debug|Any CPU.ActiveCfg = Debug|Any CPU
		{EB15BFDC-6BE5-487B-8E91-C862B234991D}.Debug|Any CPU.Build.0 = Debug|Any CPU
		{EB15BFDC-6BE5-487B-8E91-C862B234991D}.Release|Any CPU.ActiveCfg = Release|Any CPU
		{EB15BFDC-6BE5-487B-8E91-C862B234991D}.Release|Any CPU.Build.0 = Release|Any CPU
		{10A401AF-1C94-4808-99EF-7D8C710EF9B1}.Debug|Any CPU.ActiveCfg = Debug|Any CPU
		{10A401AF-1C94-4808-99EF-7D8C710EF9B1}.Debug|Any CPU.Build.0 = Debug|Any CPU
		{10A401AF-1C94-4808-99EF-7D8C710EF9B1}.Release|Any CPU.ActiveCfg = Release|Any CPU
		{10A401AF-1C94-4808-99EF-7D8C710EF9B1}.Release|Any CPU.Build.0 = Release|Any CPU
		{440AB370-8BA7-4881-82E7-C5B9D64BF049}.Debug|Any CPU.ActiveCfg = Debug|Any CPU
		{440AB370-8BA7-4881-82E7-C5B9D64BF049}.Debug|Any CPU.Build.0 = Debug|Any CPU
		{440AB370-8BA7-4881-82E7-C5B9D64BF049}.Release|Any CPU.ActiveCfg = Release|Any CPU
		{440AB370-8BA7-4881-82E7-C5B9D64BF049}.Release|Any CPU.Build.0 = Release|Any CPU
		{3C042A0B-3DBC-408E-869E-F2FF874856B4}.Debug|Any CPU.ActiveCfg = Debug|Any CPU
		{3C042A0B-3DBC-408E-869E-F2FF874856B4}.Debug|Any CPU.Build.0 = Debug|Any CPU
		{3C042A0B-3DBC-408E-869E-F2FF874856B4}.Release|Any CPU.ActiveCfg = Release|Any CPU
		{3C042A0B-3DBC-408E-869E-F2FF874856B4}.Release|Any CPU.Build.0 = Release|Any CPU
		{E2AA078A-F2E2-432E-8FBC-758564FAD336}.Debug|Any CPU.ActiveCfg = Debug|Any CPU
		{E2AA078A-F2E2-432E-8FBC-758564FAD336}.Debug|Any CPU.Build.0 = Debug|Any CPU
		{E2AA078A-F2E2-432E-8FBC-758564FAD336}.Release|Any CPU.ActiveCfg = Release|Any CPU
		{E2AA078A-F2E2-432E-8FBC-758564FAD336}.Release|Any CPU.Build.0 = Release|Any CPU
		{E5BDE152-91F3-4417-8937-568CEC5D5F74}.Debug|Any CPU.ActiveCfg = Debug|Any CPU
		{E5BDE152-91F3-4417-8937-568CEC5D5F74}.Debug|Any CPU.Build.0 = Debug|Any CPU
		{E5BDE152-91F3-4417-8937-568CEC5D5F74}.Release|Any CPU.ActiveCfg = Release|Any CPU
		{E5BDE152-91F3-4417-8937-568CEC5D5F74}.Release|Any CPU.Build.0 = Release|Any CPU
		{3D550B1F-92CC-449E-9927-7590183E6A62}.Debug|Any CPU.ActiveCfg = Debug|Any CPU
		{3D550B1F-92CC-449E-9927-7590183E6A62}.Debug|Any CPU.Build.0 = Debug|Any CPU
		{3D550B1F-92CC-449E-9927-7590183E6A62}.Release|Any CPU.ActiveCfg = Release|Any CPU
		{3D550B1F-92CC-449E-9927-7590183E6A62}.Release|Any CPU.Build.0 = Release|Any CPU
		{25DD3992-EDE5-4946-9B37-39D77A167942}.Debug|Any CPU.ActiveCfg = Debug|Any CPU
		{25DD3992-EDE5-4946-9B37-39D77A167942}.Debug|Any CPU.Build.0 = Debug|Any CPU
		{25DD3992-EDE5-4946-9B37-39D77A167942}.Release|Any CPU.ActiveCfg = Release|Any CPU
		{25DD3992-EDE5-4946-9B37-39D77A167942}.Release|Any CPU.Build.0 = Release|Any CPU
		{0B49FFE5-F216-48CB-AACB-C91618E6F93E}.Debug|Any CPU.ActiveCfg = Debug|Any CPU
		{0B49FFE5-F216-48CB-AACB-C91618E6F93E}.Debug|Any CPU.Build.0 = Debug|Any CPU
		{0B49FFE5-F216-48CB-AACB-C91618E6F93E}.Release|Any CPU.ActiveCfg = Release|Any CPU
		{0B49FFE5-F216-48CB-AACB-C91618E6F93E}.Release|Any CPU.Build.0 = Release|Any CPU
		{33D713D9-0EAA-4946-B7DA-FDCCF37238B5}.Debug|Any CPU.ActiveCfg = Debug|Any CPU
		{33D713D9-0EAA-4946-B7DA-FDCCF37238B5}.Debug|Any CPU.Build.0 = Debug|Any CPU
		{33D713D9-0EAA-4946-B7DA-FDCCF37238B5}.Release|Any CPU.ActiveCfg = Release|Any CPU
		{33D713D9-0EAA-4946-B7DA-FDCCF37238B5}.Release|Any CPU.Build.0 = Release|Any CPU
		{E19CF91B-EF8D-4156-92B9-46BE8B687E8A}.Debug|Any CPU.ActiveCfg = Debug|Any CPU
		{E19CF91B-EF8D-4156-92B9-46BE8B687E8A}.Debug|Any CPU.Build.0 = Debug|Any CPU
		{E19CF91B-EF8D-4156-92B9-46BE8B687E8A}.Release|Any CPU.ActiveCfg = Release|Any CPU
		{E19CF91B-EF8D-4156-92B9-46BE8B687E8A}.Release|Any CPU.Build.0 = Release|Any CPU
	EndGlobalSection
	GlobalSection(SolutionProperties) = preSolution
		HideSolutionNode = FALSE
	EndGlobalSection
	GlobalSection(ExtensibilityGlobals) = postSolution
		SolutionGuid = {F3420533-4135-49E0-8CF5-22E7BAB3A02C}
	EndGlobalSection
EndGlobal
